// !$*UTF8*$!
{
	archiveVersion = 1;
	classes = {
	};
	objectVersion = 56;
	objects = {

/* Begin PBXBuildFile section */
		9601FCE72BE8F4AA006B945C /* CoinResultsViewModel.swift in Sources */ = {isa = PBXBuildFile; fileRef = 9601FCE62BE8F4AA006B945C /* CoinResultsViewModel.swift */; };
		962188372BE6EC98000C4C16 /* DetailViewController.swift in Sources */ = {isa = PBXBuildFile; fileRef = 962188362BE6EC98000C4C16 /* DetailViewController.swift */; };
		962188392BE6F1BF000C4C16 /* OnboardingViewController.swift in Sources */ = {isa = PBXBuildFile; fileRef = 962188382BE6F1BF000C4C16 /* OnboardingViewController.swift */; };
		965A5E632BED1A040088790F /* CoinDetailView.swift in Sources */ = {isa = PBXBuildFile; fileRef = 965A5E622BED1A040088790F /* CoinDetailView.swift */; };
		965A5E662BED4A880088790F /* LineChartView.swift in Sources */ = {isa = PBXBuildFile; fileRef = 965A5E652BED4A880088790F /* LineChartView.swift */; };
		965DBE072BE4269D00D6F06E /* UIHelper.swift in Sources */ = {isa = PBXBuildFile; fileRef = 965DBE062BE4269D00D6F06E /* UIHelper.swift */; };
		965DBE0A2BE4274A00D6F06E /* CWLabel.swift in Sources */ = {isa = PBXBuildFile; fileRef = 965DBE092BE4274A00D6F06E /* CWLabel.swift */; };
		966795222BE572260042082A /* CoinResults.swift in Sources */ = {isa = PBXBuildFile; fileRef = 966795212BE572260042082A /* CoinResults.swift */; };
		966795242BE576860042082A /* Constants.swift in Sources */ = {isa = PBXBuildFile; fileRef = 966795232BE576860042082A /* Constants.swift */; };
		966795262BE577920042082A /* UIColorExtension.swift in Sources */ = {isa = PBXBuildFile; fileRef = 966795252BE577920042082A /* UIColorExtension.swift */; };
		966D54ED2BE2C890007F9EB2 /* AppDelegate.swift in Sources */ = {isa = PBXBuildFile; fileRef = 966D54EC2BE2C890007F9EB2 /* AppDelegate.swift */; };
		966D54EF2BE2C890007F9EB2 /* SceneDelegate.swift in Sources */ = {isa = PBXBuildFile; fileRef = 966D54EE2BE2C890007F9EB2 /* SceneDelegate.swift */; };
		966D54F12BE2C890007F9EB2 /* RankingListViewController.swift in Sources */ = {isa = PBXBuildFile; fileRef = 966D54F02BE2C890007F9EB2 /* RankingListViewController.swift */; };
		966D54F62BE2C891007F9EB2 /* Assets.xcassets in Resources */ = {isa = PBXBuildFile; fileRef = 966D54F52BE2C891007F9EB2 /* Assets.xcassets */; };
		966D54F92BE2C891007F9EB2 /* Base in Resources */ = {isa = PBXBuildFile; fileRef = 966D54F82BE2C891007F9EB2 /* Base */; };
		966D55082BE2CB98007F9EB2 /* Alamofire in Frameworks */ = {isa = PBXBuildFile; productRef = 966D55072BE2CB98007F9EB2 /* Alamofire */; };
		966D550A2BE2CB98007F9EB2 /* AlamofireDynamic in Frameworks */ = {isa = PBXBuildFile; productRef = 966D55092BE2CB98007F9EB2 /* AlamofireDynamic */; };
		966D550D2BE2CBA8007F9EB2 /* Kingfisher in Frameworks */ = {isa = PBXBuildFile; productRef = 966D550C2BE2CBA8007F9EB2 /* Kingfisher */; };
		966D55102BE2CBB9007F9EB2 /* SnapKit in Frameworks */ = {isa = PBXBuildFile; productRef = 966D550F2BE2CBB9007F9EB2 /* SnapKit */; };
		966D55122BE2CBB9007F9EB2 /* SnapKit-Dynamic in Frameworks */ = {isa = PBXBuildFile; productRef = 966D55112BE2CBB9007F9EB2 /* SnapKit-Dynamic */; };
		966D55152BE2D19F007F9EB2 /* CWTopNavigationView.swift in Sources */ = {isa = PBXBuildFile; fileRef = 966D55142BE2D19F007F9EB2 /* CWTopNavigationView.swift */; };
		966D551A2BE2DF18007F9EB2 /* TopRankingCell.swift in Sources */ = {isa = PBXBuildFile; fileRef = 966D55192BE2DF18007F9EB2 /* TopRankingCell.swift */; };
/* End PBXBuildFile section */

/* Begin PBXCopyFilesBuildPhase section */
		969474052BEA883000709E19 /* Embed Frameworks */ = {
			isa = PBXCopyFilesBuildPhase;
			buildActionMask = 2147483647;
			dstPath = "";
			dstSubfolderSpec = 10;
			files = (
			);
			name = "Embed Frameworks";
			runOnlyForDeploymentPostprocessing = 0;
		};
/* End PBXCopyFilesBuildPhase section */

/* Begin PBXFileReference section */
		9601FCE62BE8F4AA006B945C /* CoinResultsViewModel.swift */ = {isa = PBXFileReference; lastKnownFileType = sourcecode.swift; path = CoinResultsViewModel.swift; sourceTree = "<group>"; };
		962188362BE6EC98000C4C16 /* DetailViewController.swift */ = {isa = PBXFileReference; lastKnownFileType = sourcecode.swift; path = DetailViewController.swift; sourceTree = "<group>"; };
		962188382BE6F1BF000C4C16 /* OnboardingViewController.swift */ = {isa = PBXFileReference; lastKnownFileType = sourcecode.swift; path = OnboardingViewController.swift; sourceTree = "<group>"; };
		965A5E622BED1A040088790F /* CoinDetailView.swift */ = {isa = PBXFileReference; lastKnownFileType = sourcecode.swift; path = CoinDetailView.swift; sourceTree = "<group>"; };
		965A5E652BED4A880088790F /* LineChartView.swift */ = {isa = PBXFileReference; lastKnownFileType = sourcecode.swift; path = LineChartView.swift; sourceTree = "<group>"; };
		965DBE062BE4269D00D6F06E /* UIHelper.swift */ = {isa = PBXFileReference; lastKnownFileType = sourcecode.swift; path = UIHelper.swift; sourceTree = "<group>"; };
		965DBE092BE4274A00D6F06E /* CWLabel.swift */ = {isa = PBXFileReference; lastKnownFileType = sourcecode.swift; path = CWLabel.swift; sourceTree = "<group>"; };
		966795212BE572260042082A /* CoinResults.swift */ = {isa = PBXFileReference; lastKnownFileType = sourcecode.swift; path = CoinResults.swift; sourceTree = "<group>"; };
		966795232BE576860042082A /* Constants.swift */ = {isa = PBXFileReference; lastKnownFileType = sourcecode.swift; path = Constants.swift; sourceTree = "<group>"; };
		966795252BE577920042082A /* UIColorExtension.swift */ = {isa = PBXFileReference; lastKnownFileType = sourcecode.swift; path = UIColorExtension.swift; sourceTree = "<group>"; };
		966D54E92BE2C890007F9EB2 /* Crypto Watch.app */ = {isa = PBXFileReference; explicitFileType = wrapper.application; includeInIndex = 0; path = "Crypto Watch.app"; sourceTree = BUILT_PRODUCTS_DIR; };
		966D54EC2BE2C890007F9EB2 /* AppDelegate.swift */ = {isa = PBXFileReference; lastKnownFileType = sourcecode.swift; path = AppDelegate.swift; sourceTree = "<group>"; };
		966D54EE2BE2C890007F9EB2 /* SceneDelegate.swift */ = {isa = PBXFileReference; lastKnownFileType = sourcecode.swift; path = SceneDelegate.swift; sourceTree = "<group>"; };
		966D54F02BE2C890007F9EB2 /* RankingListViewController.swift */ = {isa = PBXFileReference; lastKnownFileType = sourcecode.swift; path = RankingListViewController.swift; sourceTree = "<group>"; };
		966D54F52BE2C891007F9EB2 /* Assets.xcassets */ = {isa = PBXFileReference; lastKnownFileType = folder.assetcatalog; path = Assets.xcassets; sourceTree = "<group>"; };
		966D54F82BE2C891007F9EB2 /* Base */ = {isa = PBXFileReference; lastKnownFileType = file.storyboard; name = Base; path = Base.lproj/LaunchScreen.storyboard; sourceTree = "<group>"; };
		966D54FA2BE2C891007F9EB2 /* Info.plist */ = {isa = PBXFileReference; lastKnownFileType = text.plist.xml; path = Info.plist; sourceTree = "<group>"; };
		966D55142BE2D19F007F9EB2 /* CWTopNavigationView.swift */ = {isa = PBXFileReference; lastKnownFileType = sourcecode.swift; path = CWTopNavigationView.swift; sourceTree = "<group>"; };
		966D55192BE2DF18007F9EB2 /* TopRankingCell.swift */ = {isa = PBXFileReference; lastKnownFileType = sourcecode.swift; path = TopRankingCell.swift; sourceTree = "<group>"; };
/* End PBXFileReference section */

/* Begin PBXFrameworksBuildPhase section */
		966D54E62BE2C890007F9EB2 /* Frameworks */ = {
			isa = PBXFrameworksBuildPhase;
			buildActionMask = 2147483647;
			files = (
				966D55122BE2CBB9007F9EB2 /* SnapKit-Dynamic in Frameworks */,
				966D550D2BE2CBA8007F9EB2 /* Kingfisher in Frameworks */,
				966D55102BE2CBB9007F9EB2 /* SnapKit in Frameworks */,
				966D55082BE2CB98007F9EB2 /* Alamofire in Frameworks */,
				966D550A2BE2CB98007F9EB2 /* AlamofireDynamic in Frameworks */,
			);
			runOnlyForDeploymentPostprocessing = 0;
		};
/* End PBXFrameworksBuildPhase section */

/* Begin PBXGroup section */
		9601FCE52BE8F485006B945C /* ViewModel */ = {
			isa = PBXGroup;
			children = (
				9601FCE62BE8F4AA006B945C /* CoinResultsViewModel.swift */,
			);
			path = ViewModel;
			sourceTree = "<group>";
		};
		965DBE052BE4268F00D6F06E /* Helper */ = {
			isa = PBXGroup;
			children = (
				965DBE062BE4269D00D6F06E /* UIHelper.swift */,
				966795232BE576860042082A /* Constants.swift */,
			);
			path = Helper;
			sourceTree = "<group>";
		};
		965DBE082BE4272400D6F06E /* Labels */ = {
			isa = PBXGroup;
			children = (
				965DBE092BE4274A00D6F06E /* CWLabel.swift */,
			);
			path = Labels;
			sourceTree = "<group>";
		};
		966D54E02BE2C890007F9EB2 = {
			isa = PBXGroup;
			children = (
				966D54EB2BE2C890007F9EB2 /* Crypto Watch */,
				966D54EA2BE2C890007F9EB2 /* Products */,
			);
			sourceTree = "<group>";
		};
		966D54EA2BE2C890007F9EB2 /* Products */ = {
			isa = PBXGroup;
			children = (
				966D54E92BE2C890007F9EB2 /* Crypto Watch.app */,
			);
			name = Products;
			sourceTree = "<group>";
		};
		966D54EB2BE2C890007F9EB2 /* Crypto Watch */ = {
			isa = PBXGroup;
			children = (
				9601FCE52BE8F485006B945C /* ViewModel */,
				966D55002BE2C8CB007F9EB2 /* Model */,
				966D55012BE2C8D0007F9EB2 /* Views */,
				966D55022BE2CAED007F9EB2 /* Controllers */,
				965DBE052BE4268F00D6F06E /* Helper */,
				966D55042BE2CB08007F9EB2 /* Utilities */,
				966D55032BE2CAF2007F9EB2 /* Extensions */,
				966D54FA2BE2C891007F9EB2 /* Info.plist */,
			);
			path = "Crypto Watch";
			sourceTree = "<group>";
		};
		966D55002BE2C8CB007F9EB2 /* Model */ = {
			isa = PBXGroup;
			children = (
				966795212BE572260042082A /* CoinResults.swift */,
			);
			path = Model;
			sourceTree = "<group>";
		};
		966D55012BE2C8D0007F9EB2 /* Views */ = {
			isa = PBXGroup;
			children = (
				966D55162BE2DA7B007F9EB2 /* Cells */,
				966D55132BE2D153007F9EB2 /* Views */,
				965DBE082BE4272400D6F06E /* Labels */,
			);
			path = Views;
			sourceTree = "<group>";
		};
		966D55022BE2CAED007F9EB2 /* Controllers */ = {
			isa = PBXGroup;
			children = (
				966D54F02BE2C890007F9EB2 /* RankingListViewController.swift */,
				962188362BE6EC98000C4C16 /* DetailViewController.swift */,
				962188382BE6F1BF000C4C16 /* OnboardingViewController.swift */,
			);
			path = Controllers;
			sourceTree = "<group>";
		};
		966D55032BE2CAF2007F9EB2 /* Extensions */ = {
			isa = PBXGroup;
			children = (
				966795252BE577920042082A /* UIColorExtension.swift */,
			);
			path = Extensions;
			sourceTree = "<group>";
		};
		966D55042BE2CB08007F9EB2 /* Utilities */ = {
			isa = PBXGroup;
			children = (
				966D54EC2BE2C890007F9EB2 /* AppDelegate.swift */,
				966D54EE2BE2C890007F9EB2 /* SceneDelegate.swift */,
				966D54F52BE2C891007F9EB2 /* Assets.xcassets */,
				966D54F72BE2C891007F9EB2 /* LaunchScreen.storyboard */,
			);
			path = Utilities;
			sourceTree = "<group>";
		};
		966D55132BE2D153007F9EB2 /* Views */ = {
			isa = PBXGroup;
			children = (
				966D55142BE2D19F007F9EB2 /* CWTopNavigationView.swift */,
				965A5E622BED1A040088790F /* CoinDetailView.swift */,
				965A5E652BED4A880088790F /* LineChartView.swift */,
			);
			path = Views;
			sourceTree = "<group>";
		};
		966D55162BE2DA7B007F9EB2 /* Cells */ = {
			isa = PBXGroup;
			children = (
				966D55192BE2DF18007F9EB2 /* TopRankingCell.swift */,
			);
			path = Cells;
			sourceTree = "<group>";
		};
/* End PBXGroup section */

/* Begin PBXNativeTarget section */
		966D54E82BE2C890007F9EB2 /* Crypto Watch */ = {
			isa = PBXNativeTarget;
			buildConfigurationList = 966D54FD2BE2C891007F9EB2 /* Build configuration list for PBXNativeTarget "Crypto Watch" */;
			buildPhases = (
				966D54E52BE2C890007F9EB2 /* Sources */,
				966D54E62BE2C890007F9EB2 /* Frameworks */,
				966D54E72BE2C890007F9EB2 /* Resources */,
				969474052BEA883000709E19 /* Embed Frameworks */,
			);
			buildRules = (
			);
			dependencies = (
			);
			name = "Crypto Watch";
			packageProductDependencies = (
				966D55072BE2CB98007F9EB2 /* Alamofire */,
				966D55092BE2CB98007F9EB2 /* AlamofireDynamic */,
				966D550C2BE2CBA8007F9EB2 /* Kingfisher */,
				966D550F2BE2CBB9007F9EB2 /* SnapKit */,
				966D55112BE2CBB9007F9EB2 /* SnapKit-Dynamic */,
			);
			productName = "Crypto Watch";
			productReference = 966D54E92BE2C890007F9EB2 /* Crypto Watch.app */;
			productType = "com.apple.product-type.application";
		};
/* End PBXNativeTarget section */

/* Begin PBXProject section */
		966D54E12BE2C890007F9EB2 /* Project object */ = {
			isa = PBXProject;
			attributes = {
				BuildIndependentTargetsInParallel = 1;
				LastSwiftUpdateCheck = 1530;
				LastUpgradeCheck = 1530;
				TargetAttributes = {
					966D54E82BE2C890007F9EB2 = {
						CreatedOnToolsVersion = 15.3;
					};
				};
			};
			buildConfigurationList = 966D54E42BE2C890007F9EB2 /* Build configuration list for PBXProject "Crypto Watch" */;
			compatibilityVersion = "Xcode 14.0";
			developmentRegion = en;
			hasScannedForEncodings = 0;
			knownRegions = (
				en,
				Base,
			);
			mainGroup = 966D54E02BE2C890007F9EB2;
			packageReferences = (
				966D55062BE2CB98007F9EB2 /* XCRemoteSwiftPackageReference "Alamofire" */,
				966D550B2BE2CBA8007F9EB2 /* XCRemoteSwiftPackageReference "Kingfisher" */,
				966D550E2BE2CBB9007F9EB2 /* XCRemoteSwiftPackageReference "SnapKit" */,
			);
			productRefGroup = 966D54EA2BE2C890007F9EB2 /* Products */;
			projectDirPath = "";
			projectRoot = "";
			targets = (
				966D54E82BE2C890007F9EB2 /* Crypto Watch */,
			);
		};
/* End PBXProject section */

/* Begin PBXResourcesBuildPhase section */
		966D54E72BE2C890007F9EB2 /* Resources */ = {
			isa = PBXResourcesBuildPhase;
			buildActionMask = 2147483647;
			files = (
				966D54F62BE2C891007F9EB2 /* Assets.xcassets in Resources */,
				966D54F92BE2C891007F9EB2 /* Base in Resources */,
			);
			runOnlyForDeploymentPostprocessing = 0;
		};
/* End PBXResourcesBuildPhase section */

/* Begin PBXSourcesBuildPhase section */
		966D54E52BE2C890007F9EB2 /* Sources */ = {
			isa = PBXSourcesBuildPhase;
			buildActionMask = 2147483647;
			files = (
				962188372BE6EC98000C4C16 /* DetailViewController.swift in Sources */,
				966D55152BE2D19F007F9EB2 /* CWTopNavigationView.swift in Sources */,
				966D54F12BE2C890007F9EB2 /* RankingListViewController.swift in Sources */,
				965DBE0A2BE4274A00D6F06E /* CWLabel.swift in Sources */,
				966D54ED2BE2C890007F9EB2 /* AppDelegate.swift in Sources */,
				966D54EF2BE2C890007F9EB2 /* SceneDelegate.swift in Sources */,
				965A5E632BED1A040088790F /* CoinDetailView.swift in Sources */,
				966D551A2BE2DF18007F9EB2 /* TopRankingCell.swift in Sources */,
				962188392BE6F1BF000C4C16 /* OnboardingViewController.swift in Sources */,
				966795222BE572260042082A /* CoinResults.swift in Sources */,
				966795262BE577920042082A /* UIColorExtension.swift in Sources */,
				965A5E662BED4A880088790F /* LineChartView.swift in Sources */,
				9601FCE72BE8F4AA006B945C /* CoinResultsViewModel.swift in Sources */,
				965DBE072BE4269D00D6F06E /* UIHelper.swift in Sources */,
				966795242BE576860042082A /* Constants.swift in Sources */,
			);
			runOnlyForDeploymentPostprocessing = 0;
		};
/* End PBXSourcesBuildPhase section */

/* Begin PBXVariantGroup section */
		966D54F72BE2C891007F9EB2 /* LaunchScreen.storyboard */ = {
			isa = PBXVariantGroup;
			children = (
				966D54F82BE2C891007F9EB2 /* Base */,
			);
			name = LaunchScreen.storyboard;
			sourceTree = "<group>";
		};
/* End PBXVariantGroup section */

/* Begin XCBuildConfiguration section */
		966D54FB2BE2C891007F9EB2 /* Debug */ = {
			isa = XCBuildConfiguration;
			buildSettings = {
				ALWAYS_SEARCH_USER_PATHS = NO;
				ASSETCATALOG_COMPILER_GENERATE_SWIFT_ASSET_SYMBOL_EXTENSIONS = YES;
				CLANG_ANALYZER_NONNULL = YES;
				CLANG_ANALYZER_NUMBER_OBJECT_CONVERSION = YES_AGGRESSIVE;
				CLANG_CXX_LANGUAGE_STANDARD = "gnu++20";
				CLANG_ENABLE_MODULES = YES;
				CLANG_ENABLE_OBJC_ARC = YES;
				CLANG_ENABLE_OBJC_WEAK = YES;
				CLANG_WARN_BLOCK_CAPTURE_AUTORELEASING = YES;
				CLANG_WARN_BOOL_CONVERSION = YES;
				CLANG_WARN_COMMA = YES;
				CLANG_WARN_CONSTANT_CONVERSION = YES;
				CLANG_WARN_DEPRECATED_OBJC_IMPLEMENTATIONS = YES;
				CLANG_WARN_DIRECT_OBJC_ISA_USAGE = YES_ERROR;
				CLANG_WARN_DOCUMENTATION_COMMENTS = YES;
				CLANG_WARN_EMPTY_BODY = YES;
				CLANG_WARN_ENUM_CONVERSION = YES;
				CLANG_WARN_INFINITE_RECURSION = YES;
				CLANG_WARN_INT_CONVERSION = YES;
				CLANG_WARN_NON_LITERAL_NULL_CONVERSION = YES;
				CLANG_WARN_OBJC_IMPLICIT_RETAIN_SELF = YES;
				CLANG_WARN_OBJC_LITERAL_CONVERSION = YES;
				CLANG_WARN_OBJC_ROOT_CLASS = YES_ERROR;
				CLANG_WARN_QUOTED_INCLUDE_IN_FRAMEWORK_HEADER = YES;
				CLANG_WARN_RANGE_LOOP_ANALYSIS = YES;
				CLANG_WARN_STRICT_PROTOTYPES = YES;
				CLANG_WARN_SUSPICIOUS_MOVE = YES;
				CLANG_WARN_UNGUARDED_AVAILABILITY = YES_AGGRESSIVE;
				CLANG_WARN_UNREACHABLE_CODE = YES;
				CLANG_WARN__DUPLICATE_METHOD_MATCH = YES;
				COPY_PHASE_STRIP = NO;
				DEBUG_INFORMATION_FORMAT = dwarf;
				ENABLE_STRICT_OBJC_MSGSEND = YES;
				ENABLE_TESTABILITY = YES;
				ENABLE_USER_SCRIPT_SANDBOXING = YES;
				GCC_C_LANGUAGE_STANDARD = gnu17;
				GCC_DYNAMIC_NO_PIC = NO;
				GCC_NO_COMMON_BLOCKS = YES;
				GCC_OPTIMIZATION_LEVEL = 0;
				GCC_PRECOMPILE_PREFIX_HEADER = NO;
				GCC_PREPROCESSOR_DEFINITIONS = (
					"DEBUG=1",
					"$(inherited)",
				);
				GCC_WARN_64_TO_32_BIT_CONVERSION = YES;
				GCC_WARN_ABOUT_RETURN_TYPE = YES_ERROR;
				GCC_WARN_UNDECLARED_SELECTOR = YES;
				GCC_WARN_UNINITIALIZED_AUTOS = YES_AGGRESSIVE;
				GCC_WARN_UNUSED_FUNCTION = YES;
				GCC_WARN_UNUSED_VARIABLE = YES;
				IPHONEOS_DEPLOYMENT_TARGET = 17.4;
				LOCALIZATION_PREFERS_STRING_CATALOGS = YES;
				MTL_ENABLE_DEBUG_INFO = INCLUDE_SOURCE;
				MTL_FAST_MATH = YES;
				ONLY_ACTIVE_ARCH = YES;
				SDKROOT = iphoneos;
				SWIFT_ACTIVE_COMPILATION_CONDITIONS = "DEBUG $(inherited)";
				SWIFT_OPTIMIZATION_LEVEL = "-Onone";
			};
			name = Debug;
		};
		966D54FC2BE2C891007F9EB2 /* Release */ = {
			isa = XCBuildConfiguration;
			buildSettings = {
				ALWAYS_SEARCH_USER_PATHS = NO;
				ASSETCATALOG_COMPILER_GENERATE_SWIFT_ASSET_SYMBOL_EXTENSIONS = YES;
				CLANG_ANALYZER_NONNULL = YES;
				CLANG_ANALYZER_NUMBER_OBJECT_CONVERSION = YES_AGGRESSIVE;
				CLANG_CXX_LANGUAGE_STANDARD = "gnu++20";
				CLANG_ENABLE_MODULES = YES;
				CLANG_ENABLE_OBJC_ARC = YES;
				CLANG_ENABLE_OBJC_WEAK = YES;
				CLANG_WARN_BLOCK_CAPTURE_AUTORELEASING = YES;
				CLANG_WARN_BOOL_CONVERSION = YES;
				CLANG_WARN_COMMA = YES;
				CLANG_WARN_CONSTANT_CONVERSION = YES;
				CLANG_WARN_DEPRECATED_OBJC_IMPLEMENTATIONS = YES;
				CLANG_WARN_DIRECT_OBJC_ISA_USAGE = YES_ERROR;
				CLANG_WARN_DOCUMENTATION_COMMENTS = YES;
				CLANG_WARN_EMPTY_BODY = YES;
				CLANG_WARN_ENUM_CONVERSION = YES;
				CLANG_WARN_INFINITE_RECURSION = YES;
				CLANG_WARN_INT_CONVERSION = YES;
				CLANG_WARN_NON_LITERAL_NULL_CONVERSION = YES;
				CLANG_WARN_OBJC_IMPLICIT_RETAIN_SELF = YES;
				CLANG_WARN_OBJC_LITERAL_CONVERSION = YES;
				CLANG_WARN_OBJC_ROOT_CLASS = YES_ERROR;
				CLANG_WARN_QUOTED_INCLUDE_IN_FRAMEWORK_HEADER = YES;
				CLANG_WARN_RANGE_LOOP_ANALYSIS = YES;
				CLANG_WARN_STRICT_PROTOTYPES = YES;
				CLANG_WARN_SUSPICIOUS_MOVE = YES;
				CLANG_WARN_UNGUARDED_AVAILABILITY = YES_AGGRESSIVE;
				CLANG_WARN_UNREACHABLE_CODE = YES;
				CLANG_WARN__DUPLICATE_METHOD_MATCH = YES;
				COPY_PHASE_STRIP = NO;
				DEBUG_INFORMATION_FORMAT = "dwarf-with-dsym";
				ENABLE_NS_ASSERTIONS = NO;
				ENABLE_STRICT_OBJC_MSGSEND = YES;
				ENABLE_USER_SCRIPT_SANDBOXING = YES;
				GCC_C_LANGUAGE_STANDARD = gnu17;
				GCC_NO_COMMON_BLOCKS = YES;
				GCC_PRECOMPILE_PREFIX_HEADER = NO;
				GCC_WARN_64_TO_32_BIT_CONVERSION = YES;
				GCC_WARN_ABOUT_RETURN_TYPE = YES_ERROR;
				GCC_WARN_UNDECLARED_SELECTOR = YES;
				GCC_WARN_UNINITIALIZED_AUTOS = YES_AGGRESSIVE;
				GCC_WARN_UNUSED_FUNCTION = YES;
				GCC_WARN_UNUSED_VARIABLE = YES;
				IPHONEOS_DEPLOYMENT_TARGET = 17.4;
				LOCALIZATION_PREFERS_STRING_CATALOGS = YES;
				MTL_ENABLE_DEBUG_INFO = NO;
				MTL_FAST_MATH = YES;
				SDKROOT = iphoneos;
				SWIFT_COMPILATION_MODE = wholemodule;
				VALIDATE_PRODUCT = YES;
			};
			name = Release;
		};
		966D54FE2BE2C891007F9EB2 /* Debug */ = {
			isa = XCBuildConfiguration;
			buildSettings = {
				ASSETCATALOG_COMPILER_APPICON_NAME = AppIcon;
				ASSETCATALOG_COMPILER_GLOBAL_ACCENT_COLOR_NAME = AccentColor;
				CODE_SIGN_STYLE = Automatic;
				CURRENT_PROJECT_VERSION = 1;
				DEVELOPMENT_TEAM = 28MJ2TX529;
				GENERATE_INFOPLIST_FILE = YES;
				INFOPLIST_FILE = "Crypto Watch/Info.plist";
				INFOPLIST_KEY_UIApplicationSupportsIndirectInputEvents = YES;
				INFOPLIST_KEY_UILaunchStoryboardName = LaunchScreen;
				INFOPLIST_KEY_UISupportedInterfaceOrientations = UIInterfaceOrientationPortrait;
				INFOPLIST_KEY_UISupportedInterfaceOrientations_iPad = "UIInterfaceOrientationLandscapeLeft UIInterfaceOrientationLandscapeRight UIInterfaceOrientationPortrait UIInterfaceOrientationPortraitUpsideDown";
				IPHONEOS_DEPLOYMENT_TARGET = 17.0;
				LD_RUNPATH_SEARCH_PATHS = (
					"$(inherited)",
					"@executable_path/Frameworks",
				);
				MARKETING_VERSION = 1.0;
				PRODUCT_BUNDLE_IDENTIFIER = "com.mertozseven.Crypto-Watch";
				PRODUCT_NAME = "$(TARGET_NAME)";
				SWIFT_EMIT_LOC_STRINGS = YES;
				SWIFT_VERSION = 5.0;
				TARGETED_DEVICE_FAMILY = "1,2";
			};
			name = Debug;
		};
		966D54FF2BE2C891007F9EB2 /* Release */ = {
			isa = XCBuildConfiguration;
			buildSettings = {
				ASSETCATALOG_COMPILER_APPICON_NAME = AppIcon;
				ASSETCATALOG_COMPILER_GLOBAL_ACCENT_COLOR_NAME = AccentColor;
				CODE_SIGN_STYLE = Automatic;
				CURRENT_PROJECT_VERSION = 1;
				DEVELOPMENT_TEAM = 28MJ2TX529;
				GENERATE_INFOPLIST_FILE = YES;
				INFOPLIST_FILE = "Crypto Watch/Info.plist";
				INFOPLIST_KEY_UIApplicationSupportsIndirectInputEvents = YES;
				INFOPLIST_KEY_UILaunchStoryboardName = LaunchScreen;
				INFOPLIST_KEY_UISupportedInterfaceOrientations = UIInterfaceOrientationPortrait;
				INFOPLIST_KEY_UISupportedInterfaceOrientations_iPad = "UIInterfaceOrientationLandscapeLeft UIInterfaceOrientationLandscapeRight UIInterfaceOrientationPortrait UIInterfaceOrientationPortraitUpsideDown";
				IPHONEOS_DEPLOYMENT_TARGET = 17.0;
				LD_RUNPATH_SEARCH_PATHS = (
					"$(inherited)",
					"@executable_path/Frameworks",
				);
				MARKETING_VERSION = 1.0;
				PRODUCT_BUNDLE_IDENTIFIER = "com.mertozseven.Crypto-Watch";
				PRODUCT_NAME = "$(TARGET_NAME)";
				SWIFT_EMIT_LOC_STRINGS = YES;
				SWIFT_VERSION = 5.0;
				TARGETED_DEVICE_FAMILY = "1,2";
			};
			name = Release;
		};
/* End XCBuildConfiguration section */

/* Begin XCConfigurationList section */
		966D54E42BE2C890007F9EB2 /* Build configuration list for PBXProject "Crypto Watch" */ = {
			isa = XCConfigurationList;
			buildConfigurations = (
				966D54FB2BE2C891007F9EB2 /* Debug */,
				966D54FC2BE2C891007F9EB2 /* Release */,
			);
			defaultConfigurationIsVisible = 0;
			defaultConfigurationName = Release;
		};
		966D54FD2BE2C891007F9EB2 /* Build configuration list for PBXNativeTarget "Crypto Watch" */ = {
			isa = XCConfigurationList;
			buildConfigurations = (
				966D54FE2BE2C891007F9EB2 /* Debug */,
				966D54FF2BE2C891007F9EB2 /* Release */,
			);
			defaultConfigurationIsVisible = 0;
			defaultConfigurationName = Release;
		};
/* End XCConfigurationList section */

/* Begin XCRemoteSwiftPackageReference section */
		966D55062BE2CB98007F9EB2 /* XCRemoteSwiftPackageReference "Alamofire" */ = {
			isa = XCRemoteSwiftPackageReference;
			repositoryURL = "https://github.com/Alamofire/Alamofire";
			requirement = {
				kind = upToNextMajorVersion;
				minimumVersion = 5.9.1;
			};
		};
		966D550B2BE2CBA8007F9EB2 /* XCRemoteSwiftPackageReference "Kingfisher" */ = {
			isa = XCRemoteSwiftPackageReference;
			repositoryURL = "https://github.com/onevcat/Kingfisher";
			requirement = {
				kind = upToNextMajorVersion;
				minimumVersion = 7.11.0;
			};
		};
		966D550E2BE2CBB9007F9EB2 /* XCRemoteSwiftPackageReference "SnapKit" */ = {
			isa = XCRemoteSwiftPackageReference;
			repositoryURL = "https://github.com/SnapKit/SnapKit";
			requirement = {
				kind = upToNextMajorVersion;
				minimumVersion = 5.7.1;
			};
		};
/* End XCRemoteSwiftPackageReference section */

/* Begin XCSwiftPackageProductDependency section */
		966D55072BE2CB98007F9EB2 /* Alamofire */ = {
			isa = XCSwiftPackageProductDependency;
			package = 966D55062BE2CB98007F9EB2 /* XCRemoteSwiftPackageReference "Alamofire" */;
			productName = Alamofire;
		};
		966D55092BE2CB98007F9EB2 /* AlamofireDynamic */ = {
			isa = XCSwiftPackageProductDependency;
			package = 966D55062BE2CB98007F9EB2 /* XCRemoteSwiftPackageReference "Alamofire" */;
			productName = AlamofireDynamic;
		};
		966D550C2BE2CBA8007F9EB2 /* Kingfisher */ = {
			isa = XCSwiftPackageProductDependency;
			package = 966D550B2BE2CBA8007F9EB2 /* XCRemoteSwiftPackageReference "Kingfisher" */;
			productName = Kingfisher;
		};
		966D550F2BE2CBB9007F9EB2 /* SnapKit */ = {
			isa = XCSwiftPackageProductDependency;
			package = 966D550E2BE2CBB9007F9EB2 /* XCRemoteSwiftPackageReference "SnapKit" */;
			productName = SnapKit;
		};
		966D55112BE2CBB9007F9EB2 /* SnapKit-Dynamic */ = {
			isa = XCSwiftPackageProductDependency;
			package = 966D550E2BE2CBB9007F9EB2 /* XCRemoteSwiftPackageReference "SnapKit" */;
			productName = "SnapKit-Dynamic";
		};
/* End XCSwiftPackageProductDependency section */
	};
	rootObject = 966D54E12BE2C890007F9EB2 /* Project object */;
}
